
Microsoft Visual Studio Solution File, Format Version 12.00
# Visual Studio Version 16
VisualStudioVersion = 16.0.30011.22
MinimumVisualStudioVersion = 10.0.40219.1
Project("{FAE04EC0-301F-11D3-BF4B-00C04F79EFBC}") = "ADBridgeService", "ADBridgeService\ADBridgeService.csproj", "{3E6BE144-9B92-4DA0-A34E-0023F9FE5CC2}"
EndProject
Project("{9A19103F-16F7-4668-BE54-9A1E7A4F7556}") = "ADClient", "ADClient\ADClient.csproj", "{D74188FF-7AE2-487C-902B-924239F8FCEF}"
EndProject
Global
	GlobalSection(SolutionConfigurationPlatforms) = preSolution
		Debug|Any CPU = Debug|Any CPU
		Release|Any CPU = Release|Any CPU
	EndGlobalSection
	GlobalSection(ProjectConfigurationPlatforms) = postSolution
		{3E6BE144-9B92-4DA0-A34E-0023F9FE5CC2}.Debug|Any CPU.ActiveCfg = Debug|Any CPU
		{3E6BE144-9B92-4DA0-A34E-0023F9FE5CC2}.Debug|Any CPU.Build.0 = Debug|Any CPU
		{3E6BE144-9B92-4DA0-A34E-0023F9FE5CC2}.Release|Any CPU.ActiveCfg = Release|Any CPU
		{3E6BE144-9B92-4DA0-A34E-0023F9FE5CC2}.Release|Any CPU.Build.0 = Release|Any CPU
		{D74188FF-7AE2-487C-902B-924239F8FCEF}.Debug|Any CPU.ActiveCfg = Debug|Any CPU
		{D74188FF-7AE2-487C-902B-924239F8FCEF}.Debug|Any CPU.Build.0 = Debug|Any CPU
		{D74188FF-7AE2-487C-902B-924239F8FCEF}.Release|Any CPU.ActiveCfg = Release|Any CPU
		{D74188FF-7AE2-487C-902B-924239F8FCEF}.Release|Any CPU.Build.0 = Release|Any CPU
	EndGlobalSection
	GlobalSection(SolutionProperties) = preSolution
		HideSolutionNode = FALSE
	EndGlobalSection
	GlobalSection(ExtensibilityGlobals) = postSolution
		SolutionGuid = {5DC8493B-7A73-43CA-969D-04D569CEE943}
	EndGlobalSection
EndGlobal
